
Microsoft Visual Studio Solution File, Format Version 12.00
# Visual Studio 15
VisualStudioVersion = 15.0.26730.16
MinimumVisualStudioVersion = 10.0.40219.1
Project("{FAE04EC0-301F-11D3-BF4B-00C04F79EFBC}") = "day1", "day1\day1.csproj", "{3B8A290E-AC68-4F1D-93A2-C2C07AF702F8}"
EndProject
Project("{FAE04EC0-301F-11D3-BF4B-00C04F79EFBC}") = "day2", "day2\day2.csproj", "{DA8FBB51-6653-4CC4-8320-2204B53CBF4C}"
EndProject
Project("{FAE04EC0-301F-11D3-BF4B-00C04F79EFBC}") = "day3", "day3\day3.csproj", "{F07C78E7-D935-4431-88ED-6DFDA088C2B0}"
EndProject
Project("{FAE04EC0-301F-11D3-BF4B-00C04F79EFBC}") = "day4", "day4\day4.csproj", "{9CE45E97-C066-4440-91BC-15CC20A59CC2}"
EndProject
Project("{FAE04EC0-301F-11D3-BF4B-00C04F79EFBC}") = "day5", "day5\day5.csproj", "{B1885E11-4E50-4C3E-A10E-FB0AA07CF93E}"
EndProject
Project("{FAE04EC0-301F-11D3-BF4B-00C04F79EFBC}") = "year16day24", "year16day24\year16day24.csproj", "{BD7148F3-28D1-4E00-8177-8D078E9F0F69}"
EndProject
Project("{FAE04EC0-301F-11D3-BF4B-00C04F79EFBC}") = "day6", "day6\day6.csproj", "{9533B4E4-E0D0-4664-A900-D710BC710BD8}"
EndProject
Project("{FAE04EC0-301F-11D3-BF4B-00C04F79EFBC}") = "HelperLib", "HelperLib\HelperLib.csproj", "{0D9A9563-B6B8-4E5C-BCD9-4DA88B36D770}"
EndProject
Project("{FAE04EC0-301F-11D3-BF4B-00C04F79EFBC}") = "year16day1", "year16day1\year16day1.csproj", "{4DCC41E9-9A99-4A56-A6C6-DB1507F0D082}"
EndProject
Project("{FAE04EC0-301F-11D3-BF4B-00C04F79EFBC}") = "day7", "day7\day7.csproj", "{C3FAF5A7-EDB1-466D-9ED2-56FEE1DEF874}"
EndProject
Project("{FAE04EC0-301F-11D3-BF4B-00C04F79EFBC}") = "year16day2", "year16day2\year16day2.csproj", "{83E48175-8206-4034-A143-9BC19F265E8B}"
EndProject
Project("{FAE04EC0-301F-11D3-BF4B-00C04F79EFBC}") = "year16day3", "year16day3\year16day3.csproj", "{3C211A11-3BA1-4D39-AC6C-82BFF45444D8}"
EndProject
Project("{FAE04EC0-301F-11D3-BF4B-00C04F79EFBC}") = "day8", "day8\day8.csproj", "{AB1E026C-2814-40FF-A11B-20CC1F4EE941}"
EndProject
Project("{FAE04EC0-301F-11D3-BF4B-00C04F79EFBC}") = "day9", "day9\day9.csproj", "{76E89A2F-0FCC-43A3-9564-AAE17BB0A5DC}"
EndProject
Project("{FAE04EC0-301F-11D3-BF4B-00C04F79EFBC}") = "day10", "day10\day10.csproj", "{72B282F0-0368-4827-B3D7-7525FA827968}"
EndProject
Project("{FAE04EC0-301F-11D3-BF4B-00C04F79EFBC}") = "day11", "day11\day11.csproj", "{4D75105D-A835-458A-81C7-81DAFC75710C}"
EndProject
Project("{FAE04EC0-301F-11D3-BF4B-00C04F79EFBC}") = "day12", "day12\day12.csproj", "{FA895765-88A4-463B-97A9-69040824B774}"
EndProject
Project("{FAE04EC0-301F-11D3-BF4B-00C04F79EFBC}") = "day13", "day13\day13.csproj", "{485BCA99-38E3-4E3F-B159-739DF7E0D79A}"
EndProject
Project("{FAE04EC0-301F-11D3-BF4B-00C04F79EFBC}") = "day14", "day14\day14.csproj", "{56585164-D80B-4A71-900D-63129846FEA6}"
EndProject
Project("{FAE04EC0-301F-11D3-BF4B-00C04F79EFBC}") = "day15", "day15\day15.csproj", "{F94E102D-954F-4A1B-BF1A-F89DBC2BC810}"
EndProject
Project("{FAE04EC0-301F-11D3-BF4B-00C04F79EFBC}") = "day16", "day16\day16.csproj", "{F95CD991-E744-456C-AE42-53A6E7A9616E}"
EndProject
Project("{FAE04EC0-301F-11D3-BF4B-00C04F79EFBC}") = "day17", "day17\day17.csproj", "{A40F7366-C269-404F-BBBE-48A3C643E0F6}"
EndProject
Project("{FAE04EC0-301F-11D3-BF4B-00C04F79EFBC}") = "day18", "day18\day18.csproj", "{232881E6-12C2-45BD-80FD-7A63D01B8F75}"
EndProject
Project("{FAE04EC0-301F-11D3-BF4B-00C04F79EFBC}") = "day19", "day19\day19.csproj", "{F412EFAD-31CB-4C2C-A2FF-9E16BE29D3F0}"
EndProject
Project("{FAE04EC0-301F-11D3-BF4B-00C04F79EFBC}") = "day20", "day20\day20.csproj", "{B0F7BF04-63A1-4E2B-9899-E13AA20948F8}"
EndProject
Project("{FAE04EC0-301F-11D3-BF4B-00C04F79EFBC}") = "day21", "day21\day21.csproj", "{B72B876F-6B9E-444A-9ED4-12448D43D16A}"
EndProject
Project("{FAE04EC0-301F-11D3-BF4B-00C04F79EFBC}") = "day22", "day22\day22.csproj", "{FA3993A5-0144-4E9B-8976-02BB2CEE12E8}"
EndProject
Project("{FAE04EC0-301F-11D3-BF4B-00C04F79EFBC}") = "day23", "day23\day23.csproj", "{858F0B57-A6B1-446E-A900-ECEDF5EEA552}"
EndProject
Project("{FAE04EC0-301F-11D3-BF4B-00C04F79EFBC}") = "day24", "day24\day24.csproj", "{A1522E45-5E09-4410-BB4E-C87E7153DDDC}"
EndProject
Project("{FAE04EC0-301F-11D3-BF4B-00C04F79EFBC}") = "day25", "day25\day25.csproj", "{1552B577-BF4B-4A93-AE2A-92B6DEA31942}"
EndProject
Project("{FAE04EC0-301F-11D3-BF4B-00C04F79EFBC}") = "year16day4", "year16day4\year16day4.csproj", "{03775456-9045-40D4-A9FA-0246ED41E6B7}"
EndProject
Project("{FAE04EC0-301F-11D3-BF4B-00C04F79EFBC}") = "year16day5", "year16day5\year16day5.csproj", "{860C05EA-60DB-4D25-A26A-514ABBC1A78A}"
EndProject
Project("{FAE04EC0-301F-11D3-BF4B-00C04F79EFBC}") = "year16day6", "year16day6\year16day6.csproj", "{78E1E0B1-72DC-4F87-A52B-5142F530216D}"
EndProject
Project("{FAE04EC0-301F-11D3-BF4B-00C04F79EFBC}") = "year16day7", "year16day7\year16day7.csproj", "{2A6D9446-830F-455F-B9B2-52165B286B94}"
EndProject
Project("{FAE04EC0-301F-11D3-BF4B-00C04F79EFBC}") = "year16day8", "year16day8\year16day8.csproj", "{BBD01CB5-1532-44E1-86D4-AD6BABE566E6}"
EndProject
Project("{FAE04EC0-301F-11D3-BF4B-00C04F79EFBC}") = "year16day9", "year16day9\year16day9.csproj", "{C93868D7-AA2B-4B53-A4C8-469F171B4AC8}"
EndProject
Project("{FAE04EC0-301F-11D3-BF4B-00C04F79EFBC}") = "year16day10", "year16day10\year16day10.csproj", "{D82E110C-6D77-47B1-9BC9-8D8785268AFB}"
EndProject
Project("{FAE04EC0-301F-11D3-BF4B-00C04F79EFBC}") = "year16day11", "year16day11\year16day11.csproj", "{631889A4-B624-4124-8CCF-1BE26526AB66}"
EndProject
Project("{FAE04EC0-301F-11D3-BF4B-00C04F79EFBC}") = "year16day12", "year16day12\year16day12.csproj", "{67A284E2-D495-4F79-B6CE-6B39653C1993}"
EndProject
Project("{FAE04EC0-301F-11D3-BF4B-00C04F79EFBC}") = "year16day13", "year16day13\year16day13.csproj", "{1D345B96-FA8B-4034-A75D-C7075002555D}"
EndProject
Project("{FAE04EC0-301F-11D3-BF4B-00C04F79EFBC}") = "year16day14", "year16day14\year16day14.csproj", "{994AF9ED-69F5-42DA-9EB8-ABDFD44FDDEE}"
EndProject
Project("{FAE04EC0-301F-11D3-BF4B-00C04F79EFBC}") = "year16day15", "year16day15\year16day15.csproj", "{774721DD-4685-47C6-AF1C-A39CED3BDF17}"
EndProject
Project("{FAE04EC0-301F-11D3-BF4B-00C04F79EFBC}") = "year16day16", "year16day16\year16day16.csproj", "{FFC49227-7C96-4F84-B980-AC00F5E552B2}"
EndProject
Project("{FAE04EC0-301F-11D3-BF4B-00C04F79EFBC}") = "year16day17", "year16day17\year16day17.csproj", "{D01A47E4-1FAA-4295-9A93-A4CB4C4D7C4E}"
EndProject
Project("{FAE04EC0-301F-11D3-BF4B-00C04F79EFBC}") = "year16day18", "year16day18\year16day18.csproj", "{F24A7ABE-E4B0-40DC-9C5B-27DFCB78F2BD}"
EndProject
Project("{FAE04EC0-301F-11D3-BF4B-00C04F79EFBC}") = "year16day19", "year16day19\year16day19.csproj", "{46B7CF7B-26DF-495E-ACAF-1780FC1D84F4}"
EndProject
Project("{FAE04EC0-301F-11D3-BF4B-00C04F79EFBC}") = "year16day20", "year16day20\year16day20.csproj", "{DF93B9B6-6661-4DA7-9BB1-E10005E61335}"
EndProject
Project("{FAE04EC0-301F-11D3-BF4B-00C04F79EFBC}") = "year16day21", "year16day21\year16day21.csproj", "{C987CF34-8224-46E3-846B-FB256F478038}"
EndProject
Project("{FAE04EC0-301F-11D3-BF4B-00C04F79EFBC}") = "year16day22", "year16day22\year16day22.csproj", "{8A206642-0E75-4C63-B3EC-B67D90F5009A}"
EndProject
Project("{FAE04EC0-301F-11D3-BF4B-00C04F79EFBC}") = "year16day23", "year16day23\year16day23.csproj", "{3D2B021A-0EF0-4C1A-AF38-9D94F6DFE5B4}"
EndProject
Project("{FAE04EC0-301F-11D3-BF4B-00C04F79EFBC}") = "year16day25", "year16day25\year16day25.csproj", "{B76B4108-FC23-4BB4-887D-8BD6A29D5B53}"
EndProject
Global
	GlobalSection(SolutionConfigurationPlatforms) = preSolution
		Debug|Any CPU = Debug|Any CPU
		Release|Any CPU = Release|Any CPU
	EndGlobalSection
	GlobalSection(ProjectConfigurationPlatforms) = postSolution
		{3B8A290E-AC68-4F1D-93A2-C2C07AF702F8}.Debug|Any CPU.ActiveCfg = Debug|Any CPU
		{3B8A290E-AC68-4F1D-93A2-C2C07AF702F8}.Debug|Any CPU.Build.0 = Debug|Any CPU
		{3B8A290E-AC68-4F1D-93A2-C2C07AF702F8}.Release|Any CPU.ActiveCfg = Release|Any CPU
		{3B8A290E-AC68-4F1D-93A2-C2C07AF702F8}.Release|Any CPU.Build.0 = Release|Any CPU
		{DA8FBB51-6653-4CC4-8320-2204B53CBF4C}.Debug|Any CPU.ActiveCfg = Debug|Any CPU
		{DA8FBB51-6653-4CC4-8320-2204B53CBF4C}.Debug|Any CPU.Build.0 = Debug|Any CPU
		{DA8FBB51-6653-4CC4-8320-2204B53CBF4C}.Release|Any CPU.ActiveCfg = Release|Any CPU
		{DA8FBB51-6653-4CC4-8320-2204B53CBF4C}.Release|Any CPU.Build.0 = Release|Any CPU
		{F07C78E7-D935-4431-88ED-6DFDA088C2B0}.Debug|Any CPU.ActiveCfg = Debug|Any CPU
		{F07C78E7-D935-4431-88ED-6DFDA088C2B0}.Debug|Any CPU.Build.0 = Debug|Any CPU
		{F07C78E7-D935-4431-88ED-6DFDA088C2B0}.Release|Any CPU.ActiveCfg = Release|Any CPU
		{F07C78E7-D935-4431-88ED-6DFDA088C2B0}.Release|Any CPU.Build.0 = Release|Any CPU
		{9CE45E97-C066-4440-91BC-15CC20A59CC2}.Debug|Any CPU.ActiveCfg = Debug|Any CPU
		{9CE45E97-C066-4440-91BC-15CC20A59CC2}.Debug|Any CPU.Build.0 = Debug|Any CPU
		{9CE45E97-C066-4440-91BC-15CC20A59CC2}.Release|Any CPU.ActiveCfg = Release|Any CPU
		{9CE45E97-C066-4440-91BC-15CC20A59CC2}.Release|Any CPU.Build.0 = Release|Any CPU
		{B1885E11-4E50-4C3E-A10E-FB0AA07CF93E}.Debug|Any CPU.ActiveCfg = Debug|Any CPU
		{B1885E11-4E50-4C3E-A10E-FB0AA07CF93E}.Debug|Any CPU.Build.0 = Debug|Any CPU
		{B1885E11-4E50-4C3E-A10E-FB0AA07CF93E}.Release|Any CPU.ActiveCfg = Release|Any CPU
		{B1885E11-4E50-4C3E-A10E-FB0AA07CF93E}.Release|Any CPU.Build.0 = Release|Any CPU
		{BD7148F3-28D1-4E00-8177-8D078E9F0F69}.Debug|Any CPU.ActiveCfg = Debug|Any CPU
		{BD7148F3-28D1-4E00-8177-8D078E9F0F69}.Debug|Any CPU.Build.0 = Debug|Any CPU
		{BD7148F3-28D1-4E00-8177-8D078E9F0F69}.Release|Any CPU.ActiveCfg = Release|Any CPU
		{BD7148F3-28D1-4E00-8177-8D078E9F0F69}.Release|Any CPU.Build.0 = Release|Any CPU
		{9533B4E4-E0D0-4664-A900-D710BC710BD8}.Debug|Any CPU.ActiveCfg = Debug|Any CPU
		{9533B4E4-E0D0-4664-A900-D710BC710BD8}.Debug|Any CPU.Build.0 = Debug|Any CPU
		{9533B4E4-E0D0-4664-A900-D710BC710BD8}.Release|Any CPU.ActiveCfg = Release|Any CPU
		{9533B4E4-E0D0-4664-A900-D710BC710BD8}.Release|Any CPU.Build.0 = Release|Any CPU
		{0D9A9563-B6B8-4E5C-BCD9-4DA88B36D770}.Debug|Any CPU.ActiveCfg = Debug|Any CPU
		{0D9A9563-B6B8-4E5C-BCD9-4DA88B36D770}.Debug|Any CPU.Build.0 = Debug|Any CPU
		{0D9A9563-B6B8-4E5C-BCD9-4DA88B36D770}.Release|Any CPU.ActiveCfg = Release|Any CPU
		{0D9A9563-B6B8-4E5C-BCD9-4DA88B36D770}.Release|Any CPU.Build.0 = Release|Any CPU
		{4DCC41E9-9A99-4A56-A6C6-DB1507F0D082}.Debug|Any CPU.ActiveCfg = Debug|Any CPU
		{4DCC41E9-9A99-4A56-A6C6-DB1507F0D082}.Debug|Any CPU.Build.0 = Debug|Any CPU
		{4DCC41E9-9A99-4A56-A6C6-DB1507F0D082}.Release|Any CPU.ActiveCfg = Release|Any CPU
		{4DCC41E9-9A99-4A56-A6C6-DB1507F0D082}.Release|Any CPU.Build.0 = Release|Any CPU
		{C3FAF5A7-EDB1-466D-9ED2-56FEE1DEF874}.Debug|Any CPU.ActiveCfg = Debug|Any CPU
		{C3FAF5A7-EDB1-466D-9ED2-56FEE1DEF874}.Debug|Any CPU.Build.0 = Debug|Any CPU
		{C3FAF5A7-EDB1-466D-9ED2-56FEE1DEF874}.Release|Any CPU.ActiveCfg = Release|Any CPU
		{C3FAF5A7-EDB1-466D-9ED2-56FEE1DEF874}.Release|Any CPU.Build.0 = Release|Any CPU
		{83E48175-8206-4034-A143-9BC19F265E8B}.Debug|Any CPU.ActiveCfg = Debug|Any CPU
		{83E48175-8206-4034-A143-9BC19F265E8B}.Debug|Any CPU.Build.0 = Debug|Any CPU
		{83E48175-8206-4034-A143-9BC19F265E8B}.Release|Any CPU.ActiveCfg = Release|Any CPU
		{83E48175-8206-4034-A143-9BC19F265E8B}.Release|Any CPU.Build.0 = Release|Any CPU
		{3C211A11-3BA1-4D39-AC6C-82BFF45444D8}.Debug|Any CPU.ActiveCfg = Debug|Any CPU
		{3C211A11-3BA1-4D39-AC6C-82BFF45444D8}.Debug|Any CPU.Build.0 = Debug|Any CPU
		{3C211A11-3BA1-4D39-AC6C-82BFF45444D8}.Release|Any CPU.ActiveCfg = Release|Any CPU
		{3C211A11-3BA1-4D39-AC6C-82BFF45444D8}.Release|Any CPU.Build.0 = Release|Any CPU
		{AB1E026C-2814-40FF-A11B-20CC1F4EE941}.Debug|Any CPU.ActiveCfg = Debug|Any CPU
		{AB1E026C-2814-40FF-A11B-20CC1F4EE941}.Debug|Any CPU.Build.0 = Debug|Any CPU
		{AB1E026C-2814-40FF-A11B-20CC1F4EE941}.Release|Any CPU.ActiveCfg = Release|Any CPU
		{AB1E026C-2814-40FF-A11B-20CC1F4EE941}.Release|Any CPU.Build.0 = Release|Any CPU
		{76E89A2F-0FCC-43A3-9564-AAE17BB0A5DC}.Debug|Any CPU.ActiveCfg = Debug|Any CPU
		{76E89A2F-0FCC-43A3-9564-AAE17BB0A5DC}.Debug|Any CPU.Build.0 = Debug|Any CPU
		{76E89A2F-0FCC-43A3-9564-AAE17BB0A5DC}.Release|Any CPU.ActiveCfg = Release|Any CPU
		{76E89A2F-0FCC-43A3-9564-AAE17BB0A5DC}.Release|Any CPU.Build.0 = Release|Any CPU
		{72B282F0-0368-4827-B3D7-7525FA827968}.Debug|Any CPU.ActiveCfg = Debug|Any CPU
		{72B282F0-0368-4827-B3D7-7525FA827968}.Debug|Any CPU.Build.0 = Debug|Any CPU
		{72B282F0-0368-4827-B3D7-7525FA827968}.Release|Any CPU.ActiveCfg = Release|Any CPU
		{72B282F0-0368-4827-B3D7-7525FA827968}.Release|Any CPU.Build.0 = Release|Any CPU
		{4D75105D-A835-458A-81C7-81DAFC75710C}.Debug|Any CPU.ActiveCfg = Debug|Any CPU
		{4D75105D-A835-458A-81C7-81DAFC75710C}.Debug|Any CPU.Build.0 = Debug|Any CPU
		{4D75105D-A835-458A-81C7-81DAFC75710C}.Release|Any CPU.ActiveCfg = Release|Any CPU
		{4D75105D-A835-458A-81C7-81DAFC75710C}.Release|Any CPU.Build.0 = Release|Any CPU
		{FA895765-88A4-463B-97A9-69040824B774}.Debug|Any CPU.ActiveCfg = Debug|Any CPU
		{FA895765-88A4-463B-97A9-69040824B774}.Debug|Any CPU.Build.0 = Debug|Any CPU
		{FA895765-88A4-463B-97A9-69040824B774}.Release|Any CPU.ActiveCfg = Release|Any CPU
		{FA895765-88A4-463B-97A9-69040824B774}.Release|Any CPU.Build.0 = Release|Any CPU
		{485BCA99-38E3-4E3F-B159-739DF7E0D79A}.Debug|Any CPU.ActiveCfg = Debug|Any CPU
		{485BCA99-38E3-4E3F-B159-739DF7E0D79A}.Debug|Any CPU.Build.0 = Debug|Any CPU
		{485BCA99-38E3-4E3F-B159-739DF7E0D79A}.Release|Any CPU.ActiveCfg = Release|Any CPU
		{485BCA99-38E3-4E3F-B159-739DF7E0D79A}.Release|Any CPU.Build.0 = Release|Any CPU
		{56585164-D80B-4A71-900D-63129846FEA6}.Debug|Any CPU.ActiveCfg = Debug|Any CPU
		{56585164-D80B-4A71-900D-63129846FEA6}.Debug|Any CPU.Build.0 = Debug|Any CPU
		{56585164-D80B-4A71-900D-63129846FEA6}.Release|Any CPU.ActiveCfg = Release|Any CPU
		{56585164-D80B-4A71-900D-63129846FEA6}.Release|Any CPU.Build.0 = Release|Any CPU
		{F94E102D-954F-4A1B-BF1A-F89DBC2BC810}.Debug|Any CPU.ActiveCfg = Debug|Any CPU
		{F94E102D-954F-4A1B-BF1A-F89DBC2BC810}.Debug|Any CPU.Build.0 = Debug|Any CPU
		{F94E102D-954F-4A1B-BF1A-F89DBC2BC810}.Release|Any CPU.ActiveCfg = Release|Any CPU
		{F94E102D-954F-4A1B-BF1A-F89DBC2BC810}.Release|Any CPU.Build.0 = Release|Any CPU
		{F95CD991-E744-456C-AE42-53A6E7A9616E}.Debug|Any CPU.ActiveCfg = Debug|Any CPU
		{F95CD991-E744-456C-AE42-53A6E7A9616E}.Debug|Any CPU.Build.0 = Debug|Any CPU
		{F95CD991-E744-456C-AE42-53A6E7A9616E}.Release|Any CPU.ActiveCfg = Release|Any CPU
		{F95CD991-E744-456C-AE42-53A6E7A9616E}.Release|Any CPU.Build.0 = Release|Any CPU
		{A40F7366-C269-404F-BBBE-48A3C643E0F6}.Debug|Any CPU.ActiveCfg = Debug|Any CPU
		{A40F7366-C269-404F-BBBE-48A3C643E0F6}.Debug|Any CPU.Build.0 = Debug|Any CPU
		{A40F7366-C269-404F-BBBE-48A3C643E0F6}.Release|Any CPU.ActiveCfg = Release|Any CPU
		{A40F7366-C269-404F-BBBE-48A3C643E0F6}.Release|Any CPU.Build.0 = Release|Any CPU
		{232881E6-12C2-45BD-80FD-7A63D01B8F75}.Debug|Any CPU.ActiveCfg = Debug|Any CPU
		{232881E6-12C2-45BD-80FD-7A63D01B8F75}.Debug|Any CPU.Build.0 = Debug|Any CPU
		{232881E6-12C2-45BD-80FD-7A63D01B8F75}.Release|Any CPU.ActiveCfg = Release|Any CPU
		{232881E6-12C2-45BD-80FD-7A63D01B8F75}.Release|Any CPU.Build.0 = Release|Any CPU
		{F412EFAD-31CB-4C2C-A2FF-9E16BE29D3F0}.Debug|Any CPU.ActiveCfg = Debug|Any CPU
		{F412EFAD-31CB-4C2C-A2FF-9E16BE29D3F0}.Debug|Any CPU.Build.0 = Debug|Any CPU
		{F412EFAD-31CB-4C2C-A2FF-9E16BE29D3F0}.Release|Any CPU.ActiveCfg = Release|Any CPU
		{F412EFAD-31CB-4C2C-A2FF-9E16BE29D3F0}.Release|Any CPU.Build.0 = Release|Any CPU
		{B0F7BF04-63A1-4E2B-9899-E13AA20948F8}.Debug|Any CPU.ActiveCfg = Debug|Any CPU
		{B0F7BF04-63A1-4E2B-9899-E13AA20948F8}.Debug|Any CPU.Build.0 = Debug|Any CPU
		{B0F7BF04-63A1-4E2B-9899-E13AA20948F8}.Release|Any CPU.ActiveCfg = Release|Any CPU
		{B0F7BF04-63A1-4E2B-9899-E13AA20948F8}.Release|Any CPU.Build.0 = Release|Any CPU
		{B72B876F-6B9E-444A-9ED4-12448D43D16A}.Debug|Any CPU.ActiveCfg = Debug|Any CPU
		{B72B876F-6B9E-444A-9ED4-12448D43D16A}.Debug|Any CPU.Build.0 = Debug|Any CPU
		{B72B876F-6B9E-444A-9ED4-12448D43D16A}.Release|Any CPU.ActiveCfg = Release|Any CPU
		{B72B876F-6B9E-444A-9ED4-12448D43D16A}.Release|Any CPU.Build.0 = Release|Any CPU
		{FA3993A5-0144-4E9B-8976-02BB2CEE12E8}.Debug|Any CPU.ActiveCfg = Debug|Any CPU
		{FA3993A5-0144-4E9B-8976-02BB2CEE12E8}.Debug|Any CPU.Build.0 = Debug|Any CPU
		{FA3993A5-0144-4E9B-8976-02BB2CEE12E8}.Release|Any CPU.ActiveCfg = Release|Any CPU
		{FA3993A5-0144-4E9B-8976-02BB2CEE12E8}.Release|Any CPU.Build.0 = Release|Any CPU
		{858F0B57-A6B1-446E-A900-ECEDF5EEA552}.Debug|Any CPU.ActiveCfg = Debug|Any CPU
		{858F0B57-A6B1-446E-A900-ECEDF5EEA552}.Debug|Any CPU.Build.0 = Debug|Any CPU
		{858F0B57-A6B1-446E-A900-ECEDF5EEA552}.Release|Any CPU.ActiveCfg = Release|Any CPU
		{858F0B57-A6B1-446E-A900-ECEDF5EEA552}.Release|Any CPU.Build.0 = Release|Any CPU
		{A1522E45-5E09-4410-BB4E-C87E7153DDDC}.Debug|Any CPU.ActiveCfg = Debug|Any CPU
		{A1522E45-5E09-4410-BB4E-C87E7153DDDC}.Debug|Any CPU.Build.0 = Debug|Any CPU
		{A1522E45-5E09-4410-BB4E-C87E7153DDDC}.Release|Any CPU.ActiveCfg = Release|Any CPU
		{A1522E45-5E09-4410-BB4E-C87E7153DDDC}.Release|Any CPU.Build.0 = Release|Any CPU
		{1552B577-BF4B-4A93-AE2A-92B6DEA31942}.Debug|Any CPU.ActiveCfg = Debug|Any CPU
		{1552B577-BF4B-4A93-AE2A-92B6DEA31942}.Debug|Any CPU.Build.0 = Debug|Any CPU
		{1552B577-BF4B-4A93-AE2A-92B6DEA31942}.Release|Any CPU.ActiveCfg = Release|Any CPU
		{1552B577-BF4B-4A93-AE2A-92B6DEA31942}.Release|Any CPU.Build.0 = Release|Any CPU
		{03775456-9045-40D4-A9FA-0246ED41E6B7}.Debug|Any CPU.ActiveCfg = Debug|Any CPU
		{03775456-9045-40D4-A9FA-0246ED41E6B7}.Debug|Any CPU.Build.0 = Debug|Any CPU
		{03775456-9045-40D4-A9FA-0246ED41E6B7}.Release|Any CPU.ActiveCfg = Release|Any CPU
		{03775456-9045-40D4-A9FA-0246ED41E6B7}.Release|Any CPU.Build.0 = Release|Any CPU
		{860C05EA-60DB-4D25-A26A-514ABBC1A78A}.Debug|Any CPU.ActiveCfg = Debug|Any CPU
		{860C05EA-60DB-4D25-A26A-514ABBC1A78A}.Debug|Any CPU.Build.0 = Debug|Any CPU
		{860C05EA-60DB-4D25-A26A-514ABBC1A78A}.Release|Any CPU.ActiveCfg = Release|Any CPU
		{860C05EA-60DB-4D25-A26A-514ABBC1A78A}.Release|Any CPU.Build.0 = Release|Any CPU
		{78E1E0B1-72DC-4F87-A52B-5142F530216D}.Debug|Any CPU.ActiveCfg = Debug|Any CPU
		{78E1E0B1-72DC-4F87-A52B-5142F530216D}.Debug|Any CPU.Build.0 = Debug|Any CPU
		{78E1E0B1-72DC-4F87-A52B-5142F530216D}.Release|Any CPU.ActiveCfg = Release|Any CPU
		{78E1E0B1-72DC-4F87-A52B-5142F530216D}.Release|Any CPU.Build.0 = Release|Any CPU
		{2A6D9446-830F-455F-B9B2-52165B286B94}.Debug|Any CPU.ActiveCfg = Debug|Any CPU
		{2A6D9446-830F-455F-B9B2-52165B286B94}.Debug|Any CPU.Build.0 = Debug|Any CPU
		{2A6D9446-830F-455F-B9B2-52165B286B94}.Release|Any CPU.ActiveCfg = Release|Any CPU
		{2A6D9446-830F-455F-B9B2-52165B286B94}.Release|Any CPU.Build.0 = Release|Any CPU
		{BBD01CB5-1532-44E1-86D4-AD6BABE566E6}.Debug|Any CPU.ActiveCfg = Debug|Any CPU
		{BBD01CB5-1532-44E1-86D4-AD6BABE566E6}.Debug|Any CPU.Build.0 = Debug|Any CPU
		{BBD01CB5-1532-44E1-86D4-AD6BABE566E6}.Release|Any CPU.ActiveCfg = Release|Any CPU
		{BBD01CB5-1532-44E1-86D4-AD6BABE566E6}.Release|Any CPU.Build.0 = Release|Any CPU
		{C93868D7-AA2B-4B53-A4C8-469F171B4AC8}.Debug|Any CPU.ActiveCfg = Debug|Any CPU
		{C93868D7-AA2B-4B53-A4C8-469F171B4AC8}.Debug|Any CPU.Build.0 = Debug|Any CPU
		{C93868D7-AA2B-4B53-A4C8-469F171B4AC8}.Release|Any CPU.ActiveCfg = Release|Any CPU
		{C93868D7-AA2B-4B53-A4C8-469F171B4AC8}.Release|Any CPU.Build.0 = Release|Any CPU
		{D82E110C-6D77-47B1-9BC9-8D8785268AFB}.Debug|Any CPU.ActiveCfg = Debug|Any CPU
		{D82E110C-6D77-47B1-9BC9-8D8785268AFB}.Debug|Any CPU.Build.0 = Debug|Any CPU
		{D82E110C-6D77-47B1-9BC9-8D8785268AFB}.Release|Any CPU.ActiveCfg = Release|Any CPU
		{D82E110C-6D77-47B1-9BC9-8D8785268AFB}.Release|Any CPU.Build.0 = Release|Any CPU
		{631889A4-B624-4124-8CCF-1BE26526AB66}.Debug|Any CPU.ActiveCfg = Debug|Any CPU
		{631889A4-B624-4124-8CCF-1BE26526AB66}.Debug|Any CPU.Build.0 = Debug|Any CPU
		{631889A4-B624-4124-8CCF-1BE26526AB66}.Release|Any CPU.ActiveCfg = Release|Any CPU
		{631889A4-B624-4124-8CCF-1BE26526AB66}.Release|Any CPU.Build.0 = Release|Any CPU
		{67A284E2-D495-4F79-B6CE-6B39653C1993}.Debug|Any CPU.ActiveCfg = Debug|Any CPU
		{67A284E2-D495-4F79-B6CE-6B39653C1993}.Debug|Any CPU.Build.0 = Debug|Any CPU
		{67A284E2-D495-4F79-B6CE-6B39653C1993}.Release|Any CPU.ActiveCfg = Release|Any CPU
		{67A284E2-D495-4F79-B6CE-6B39653C1993}.Release|Any CPU.Build.0 = Release|Any CPU
		{1D345B96-FA8B-4034-A75D-C7075002555D}.Debug|Any CPU.ActiveCfg = Debug|Any CPU
		{1D345B96-FA8B-4034-A75D-C7075002555D}.Debug|Any CPU.Build.0 = Debug|Any CPU
		{1D345B96-FA8B-4034-A75D-C7075002555D}.Release|Any CPU.ActiveCfg = Release|Any CPU
		{1D345B96-FA8B-4034-A75D-C7075002555D}.Release|Any CPU.Build.0 = Release|Any CPU
		{994AF9ED-69F5-42DA-9EB8-ABDFD44FDDEE}.Debug|Any CPU.ActiveCfg = Debug|Any CPU
		{994AF9ED-69F5-42DA-9EB8-ABDFD44FDDEE}.Debug|Any CPU.Build.0 = Debug|Any CPU
		{994AF9ED-69F5-42DA-9EB8-ABDFD44FDDEE}.Release|Any CPU.ActiveCfg = Release|Any CPU
		{994AF9ED-69F5-42DA-9EB8-ABDFD44FDDEE}.Release|Any CPU.Build.0 = Release|Any CPU
		{774721DD-4685-47C6-AF1C-A39CED3BDF17}.Debug|Any CPU.ActiveCfg = Debug|Any CPU
		{774721DD-4685-47C6-AF1C-A39CED3BDF17}.Debug|Any CPU.Build.0 = Debug|Any CPU
		{774721DD-4685-47C6-AF1C-A39CED3BDF17}.Release|Any CPU.ActiveCfg = Release|Any CPU
		{774721DD-4685-47C6-AF1C-A39CED3BDF17}.Release|Any CPU.Build.0 = Release|Any CPU
		{FFC49227-7C96-4F84-B980-AC00F5E552B2}.Debug|Any CPU.ActiveCfg = Debug|Any CPU
		{FFC49227-7C96-4F84-B980-AC00F5E552B2}.Debug|Any CPU.Build.0 = Debug|Any CPU
		{FFC49227-7C96-4F84-B980-AC00F5E552B2}.Release|Any CPU.ActiveCfg = Release|Any CPU
		{FFC49227-7C96-4F84-B980-AC00F5E552B2}.Release|Any CPU.Build.0 = Release|Any CPU
		{D01A47E4-1FAA-4295-9A93-A4CB4C4D7C4E}.Debug|Any CPU.ActiveCfg = Debug|Any CPU
		{D01A47E4-1FAA-4295-9A93-A4CB4C4D7C4E}.Debug|Any CPU.Build.0 = Debug|Any CPU
		{D01A47E4-1FAA-4295-9A93-A4CB4C4D7C4E}.Release|Any CPU.ActiveCfg = Release|Any CPU
		{D01A47E4-1FAA-4295-9A93-A4CB4C4D7C4E}.Release|Any CPU.Build.0 = Release|Any CPU
		{F24A7ABE-E4B0-40DC-9C5B-27DFCB78F2BD}.Debug|Any CPU.ActiveCfg = Debug|Any CPU
		{F24A7ABE-E4B0-40DC-9C5B-27DFCB78F2BD}.Debug|Any CPU.Build.0 = Debug|Any CPU
		{F24A7ABE-E4B0-40DC-9C5B-27DFCB78F2BD}.Release|Any CPU.ActiveCfg = Release|Any CPU
		{F24A7ABE-E4B0-40DC-9C5B-27DFCB78F2BD}.Release|Any CPU.Build.0 = Release|Any CPU
		{46B7CF7B-26DF-495E-ACAF-1780FC1D84F4}.Debug|Any CPU.ActiveCfg = Debug|Any CPU
		{46B7CF7B-26DF-495E-ACAF-1780FC1D84F4}.Debug|Any CPU.Build.0 = Debug|Any CPU
		{46B7CF7B-26DF-495E-ACAF-1780FC1D84F4}.Release|Any CPU.ActiveCfg = Release|Any CPU
		{46B7CF7B-26DF-495E-ACAF-1780FC1D84F4}.Release|Any CPU.Build.0 = Release|Any CPU
		{DF93B9B6-6661-4DA7-9BB1-E10005E61335}.Debug|Any CPU.ActiveCfg = Debug|Any CPU
		{DF93B9B6-6661-4DA7-9BB1-E10005E61335}.Debug|Any CPU.Build.0 = Debug|Any CPU
		{DF93B9B6-6661-4DA7-9BB1-E10005E61335}.Release|Any CPU.ActiveCfg = Release|Any CPU
		{DF93B9B6-6661-4DA7-9BB1-E10005E61335}.Release|Any CPU.Build.0 = Release|Any CPU
		{C987CF34-8224-46E3-846B-FB256F478038}.Debug|Any CPU.ActiveCfg = Debug|Any CPU
		{C987CF34-8224-46E3-846B-FB256F478038}.Debug|Any CPU.Build.0 = Debug|Any CPU
		{C987CF34-8224-46E3-846B-FB256F478038}.Release|Any CPU.ActiveCfg = Release|Any CPU
		{C987CF34-8224-46E3-846B-FB256F478038}.Release|Any CPU.Build.0 = Release|Any CPU
		{8A206642-0E75-4C63-B3EC-B67D90F5009A}.Debug|Any CPU.ActiveCfg = Debug|Any CPU
		{8A206642-0E75-4C63-B3EC-B67D90F5009A}.Debug|Any CPU.Build.0 = Debug|Any CPU
		{8A206642-0E75-4C63-B3EC-B67D90F5009A}.Release|Any CPU.ActiveCfg = Release|Any CPU
		{8A206642-0E75-4C63-B3EC-B67D90F5009A}.Release|Any CPU.Build.0 = Release|Any CPU
		{3D2B021A-0EF0-4C1A-AF38-9D94F6DFE5B4}.Debug|Any CPU.ActiveCfg = Debug|Any CPU
		{3D2B021A-0EF0-4C1A-AF38-9D94F6DFE5B4}.Debug|Any CPU.Build.0 = Debug|Any CPU
		{3D2B021A-0EF0-4C1A-AF38-9D94F6DFE5B4}.Release|Any CPU.ActiveCfg = Release|Any CPU
		{3D2B021A-0EF0-4C1A-AF38-9D94F6DFE5B4}.Release|Any CPU.Build.0 = Release|Any CPU
		{B76B4108-FC23-4BB4-887D-8BD6A29D5B53}.Debug|Any CPU.ActiveCfg = Debug|Any CPU
		{B76B4108-FC23-4BB4-887D-8BD6A29D5B53}.Debug|Any CPU.Build.0 = Debug|Any CPU
		{B76B4108-FC23-4BB4-887D-8BD6A29D5B53}.Release|Any CPU.ActiveCfg = Release|Any CPU
		{B76B4108-FC23-4BB4-887D-8BD6A29D5B53}.Release|Any CPU.Build.0 = Release|Any CPU
	EndGlobalSection
	GlobalSection(SolutionProperties) = preSolution
		HideSolutionNode = FALSE
	EndGlobalSection
	GlobalSection(ExtensibilityGlobals) = postSolution
		SolutionGuid = {0822A9FB-FDF2-45EC-96C8-4F8E1DFC4A5A}
	EndGlobalSection
EndGlobal
